// !$*UTF8*$!
{
	archiveVersion = 1;
	classes = {
	};
	objectVersion = 46;
	objects = {

/* Begin PBXBuildFile section */
		111C7E1B1DC3E5F3006290F9 /* AppDelegate.swift in Sources */ = {isa = PBXBuildFile; fileRef = 111C7E1A1DC3E5F3006290F9 /* AppDelegate.swift */; };
		111C7E1D1DC3E5F3006290F9 /* RootViewController.swift in Sources */ = {isa = PBXBuildFile; fileRef = 111C7E1C1DC3E5F3006290F9 /* RootViewController.swift */; };
		111C7E1F1DC3E5F3006290F9 /* DataViewController.swift in Sources */ = {isa = PBXBuildFile; fileRef = 111C7E1E1DC3E5F3006290F9 /* DataViewController.swift */; };
		111C7E211DC3E5F3006290F9 /* ModelController.swift in Sources */ = {isa = PBXBuildFile; fileRef = 111C7E201DC3E5F3006290F9 /* ModelController.swift */; };
		111C7E241DC3E5F3006290F9 /* Main.storyboard in Resources */ = {isa = PBXBuildFile; fileRef = 111C7E221DC3E5F3006290F9 /* Main.storyboard */; };
		111C7E261DC3E5F3006290F9 /* Assets.xcassets in Resources */ = {isa = PBXBuildFile; fileRef = 111C7E251DC3E5F3006290F9 /* Assets.xcassets */; };
		111C7E291DC3E5F3006290F9 /* LaunchScreen.storyboard in Resources */ = {isa = PBXBuildFile; fileRef = 111C7E271DC3E5F3006290F9 /* LaunchScreen.storyboard */; };
		111C7E341DC3E5F3006290F9 /* LeanIn_EducationTests.swift in Sources */ = {isa = PBXBuildFile; fileRef = 111C7E331DC3E5F3006290F9 /* LeanIn_EducationTests.swift */; };
		111C7E3F1DC3E5F4006290F9 /* LeanIn_EducationUITests.swift in Sources */ = {isa = PBXBuildFile; fileRef = 111C7E3E1DC3E5F4006290F9 /* LeanIn_EducationUITests.swift */; };
/* End PBXBuildFile section */

/* Begin PBXContainerItemProxy section */
		111C7E301DC3E5F3006290F9 /* PBXContainerItemProxy */ = {
			isa = PBXContainerItemProxy;
			containerPortal = 111C7E0F1DC3E5F3006290F9 /* Project object */;
			proxyType = 1;
			remoteGlobalIDString = 111C7E161DC3E5F3006290F9;
			remoteInfo = "LeanIn Education";
		};
		111C7E3B1DC3E5F4006290F9 /* PBXContainerItemProxy */ = {
			isa = PBXContainerItemProxy;
			containerPortal = 111C7E0F1DC3E5F3006290F9 /* Project object */;
			proxyType = 1;
			remoteGlobalIDString = 111C7E161DC3E5F3006290F9;
			remoteInfo = "LeanIn Education";
		};
/* End PBXContainerItemProxy section */

/* Begin PBXFileReference section */
		111C7E171DC3E5F3006290F9 /* LeanIn Education.app */ = {isa = PBXFileReference; explicitFileType = wrapper.application; includeInIndex = 0; path = "LeanIn Education.app"; sourceTree = BUILT_PRODUCTS_DIR; };
		111C7E1A1DC3E5F3006290F9 /* AppDelegate.swift */ = {isa = PBXFileReference; lastKnownFileType = sourcecode.swift; path = AppDelegate.swift; sourceTree = "<group>"; };
		111C7E1C1DC3E5F3006290F9 /* RootViewController.swift */ = {isa = PBXFileReference; lastKnownFileType = sourcecode.swift; path = RootViewController.swift; sourceTree = "<group>"; };
		111C7E1E1DC3E5F3006290F9 /* DataViewController.swift */ = {isa = PBXFileReference; lastKnownFileType = sourcecode.swift; path = DataViewController.swift; sourceTree = "<group>"; };
		111C7E201DC3E5F3006290F9 /* ModelController.swift */ = {isa = PBXFileReference; lastKnownFileType = sourcecode.swift; path = ModelController.swift; sourceTree = "<group>"; };
		111C7E231DC3E5F3006290F9 /* Base */ = {isa = PBXFileReference; lastKnownFileType = file.storyboard; name = Base; path = Base.lproj/Main.storyboard; sourceTree = "<group>"; };
		111C7E251DC3E5F3006290F9 /* Assets.xcassets */ = {isa = PBXFileReference; lastKnownFileType = folder.assetcatalog; path = Assets.xcassets; sourceTree = "<group>"; };
		111C7E281DC3E5F3006290F9 /* Base */ = {isa = PBXFileReference; lastKnownFileType = file.storyboard; name = Base; path = Base.lproj/LaunchScreen.storyboard; sourceTree = "<group>"; };
		111C7E2A1DC3E5F3006290F9 /* Info.plist */ = {isa = PBXFileReference; lastKnownFileType = text.plist.xml; path = Info.plist; sourceTree = "<group>"; };
		111C7E2F1DC3E5F3006290F9 /* LeanIn EducationTests.xctest */ = {isa = PBXFileReference; explicitFileType = wrapper.cfbundle; includeInIndex = 0; path = "LeanIn EducationTests.xctest"; sourceTree = BUILT_PRODUCTS_DIR; };
		111C7E331DC3E5F3006290F9 /* LeanIn_EducationTests.swift */ = {isa = PBXFileReference; lastKnownFileType = sourcecode.swift; path = LeanIn_EducationTests.swift; sourceTree = "<group>"; };
		111C7E351DC3E5F3006290F9 /* Info.plist */ = {isa = PBXFileReference; lastKnownFileType = text.plist.xml; path = Info.plist; sourceTree = "<group>"; };
		111C7E3A1DC3E5F4006290F9 /* LeanIn EducationUITests.xctest */ = {isa = PBXFileReference; explicitFileType = wrapper.cfbundle; includeInIndex = 0; path = "LeanIn EducationUITests.xctest"; sourceTree = BUILT_PRODUCTS_DIR; };
		111C7E3E1DC3E5F4006290F9 /* LeanIn_EducationUITests.swift */ = {isa = PBXFileReference; lastKnownFileType = sourcecode.swift; path = LeanIn_EducationUITests.swift; sourceTree = "<group>"; };
		111C7E401DC3E5F4006290F9 /* Info.plist */ = {isa = PBXFileReference; lastKnownFileType = text.plist.xml; path = Info.plist; sourceTree = "<group>"; };
/* End PBXFileReference section */

/* Begin PBXFrameworksBuildPhase section */
		111C7E141DC3E5F3006290F9 /* Frameworks */ = {
			isa = PBXFrameworksBuildPhase;
			buildActionMask = 2147483647;
			files = (
			);
			runOnlyForDeploymentPostprocessing = 0;
		};
		111C7E2C1DC3E5F3006290F9 /* Frameworks */ = {
			isa = PBXFrameworksBuildPhase;
			buildActionMask = 2147483647;
			files = (
			);
			runOnlyForDeploymentPostprocessing = 0;
		};
		111C7E371DC3E5F4006290F9 /* Frameworks */ = {
			isa = PBXFrameworksBuildPhase;
			buildActionMask = 2147483647;
			files = (
			);
			runOnlyForDeploymentPostprocessing = 0;
		};
/* End PBXFrameworksBuildPhase section */

/* Begin PBXGroup section */
		111C7E0E1DC3E5F3006290F9 = {
			isa = PBXGroup;
			children = (
				111C7E191DC3E5F3006290F9 /* LeanIn Education */,
				111C7E321DC3E5F3006290F9 /* LeanIn EducationTests */,
				111C7E3D1DC3E5F4006290F9 /* LeanIn EducationUITests */,
				111C7E181DC3E5F3006290F9 /* Products */,
			);
			sourceTree = "<group>";
		};
		111C7E181DC3E5F3006290F9 /* Products */ = {
			isa = PBXGroup;
			children = (
				111C7E171DC3E5F3006290F9 /* LeanIn Education.app */,
				111C7E2F1DC3E5F3006290F9 /* LeanIn EducationTests.xctest */,
				111C7E3A1DC3E5F4006290F9 /* LeanIn EducationUITests.xctest */,
			);
			name = Products;
			sourceTree = "<group>";
		};
		111C7E191DC3E5F3006290F9 /* LeanIn Education */ = {
			isa = PBXGroup;
			children = (
				111C7E1A1DC3E5F3006290F9 /* AppDelegate.swift */,
				111C7E1C1DC3E5F3006290F9 /* RootViewController.swift */,
				111C7E1E1DC3E5F3006290F9 /* DataViewController.swift */,
				111C7E201DC3E5F3006290F9 /* ModelController.swift */,
				111C7E221DC3E5F3006290F9 /* Main.storyboard */,
				111C7E251DC3E5F3006290F9 /* Assets.xcassets */,
				111C7E271DC3E5F3006290F9 /* LaunchScreen.storyboard */,
				111C7E2A1DC3E5F3006290F9 /* Info.plist */,
			);
			path = "LeanIn Education";
			sourceTree = "<group>";
		};
		111C7E321DC3E5F3006290F9 /* LeanIn EducationTests */ = {
			isa = PBXGroup;
			children = (
				111C7E331DC3E5F3006290F9 /* LeanIn_EducationTests.swift */,
				111C7E351DC3E5F3006290F9 /* Info.plist */,
			);
			path = "LeanIn EducationTests";
			sourceTree = "<group>";
		};
		111C7E3D1DC3E5F4006290F9 /* LeanIn EducationUITests */ = {
			isa = PBXGroup;
			children = (
				111C7E3E1DC3E5F4006290F9 /* LeanIn_EducationUITests.swift */,
				111C7E401DC3E5F4006290F9 /* Info.plist */,
			);
			path = "LeanIn EducationUITests";
			sourceTree = "<group>";
		};
/* End PBXGroup section */

/* Begin PBXNativeTarget section */
		111C7E161DC3E5F3006290F9 /* LeanIn Education */ = {
			isa = PBXNativeTarget;
			buildConfigurationList = 111C7E431DC3E5F4006290F9 /* Build configuration list for PBXNativeTarget "LeanIn Education" */;
			buildPhases = (
				111C7E131DC3E5F3006290F9 /* Sources */,
				111C7E141DC3E5F3006290F9 /* Frameworks */,
				111C7E151DC3E5F3006290F9 /* Resources */,
			);
			buildRules = (
			);
			dependencies = (
			);
			name = "LeanIn Education";
			productName = "LeanIn Education";
			productReference = 111C7E171DC3E5F3006290F9 /* LeanIn Education.app */;
			productType = "com.apple.product-type.application";
		};
		111C7E2E1DC3E5F3006290F9 /* LeanIn EducationTests */ = {
			isa = PBXNativeTarget;
			buildConfigurationList = 111C7E461DC3E5F4006290F9 /* Build configuration list for PBXNativeTarget "LeanIn EducationTests" */;
			buildPhases = (
				111C7E2B1DC3E5F3006290F9 /* Sources */,
				111C7E2C1DC3E5F3006290F9 /* Frameworks */,
				111C7E2D1DC3E5F3006290F9 /* Resources */,
			);
			buildRules = (
			);
			dependencies = (
				111C7E311DC3E5F3006290F9 /* PBXTargetDependency */,
			);
			name = "LeanIn EducationTests";
			productName = "LeanIn EducationTests";
			productReference = 111C7E2F1DC3E5F3006290F9 /* LeanIn EducationTests.xctest */;
			productType = "com.apple.product-type.bundle.unit-test";
		};
		111C7E391DC3E5F4006290F9 /* LeanIn EducationUITests */ = {
			isa = PBXNativeTarget;
			buildConfigurationList = 111C7E491DC3E5F4006290F9 /* Build configuration list for PBXNativeTarget "LeanIn EducationUITests" */;
			buildPhases = (
				111C7E361DC3E5F4006290F9 /* Sources */,
				111C7E371DC3E5F4006290F9 /* Frameworks */,
				111C7E381DC3E5F4006290F9 /* Resources */,
			);
			buildRules = (
			);
			dependencies = (
				111C7E3C1DC3E5F4006290F9 /* PBXTargetDependency */,
			);
			name = "LeanIn EducationUITests";
			productName = "LeanIn EducationUITests";
			productReference = 111C7E3A1DC3E5F4006290F9 /* LeanIn EducationUITests.xctest */;
			productType = "com.apple.product-type.bundle.ui-testing";
		};
/* End PBXNativeTarget section */

/* Begin PBXProject section */
		111C7E0F1DC3E5F3006290F9 /* Project object */ = {
			isa = PBXProject;
			attributes = {
				LastSwiftUpdateCheck = 0730;
				LastUpgradeCheck = 0730;
				ORGANIZATIONNAME = "Shreya Shankar";
				TargetAttributes = {
					111C7E161DC3E5F3006290F9 = {
						CreatedOnToolsVersion = 7.3.1;
					};
					111C7E2E1DC3E5F3006290F9 = {
						CreatedOnToolsVersion = 7.3.1;
						TestTargetID = 111C7E161DC3E5F3006290F9;
					};
					111C7E391DC3E5F4006290F9 = {
						CreatedOnToolsVersion = 7.3.1;
						TestTargetID = 111C7E161DC3E5F3006290F9;
					};
				};
			};
			buildConfigurationList = 111C7E121DC3E5F3006290F9 /* Build configuration list for PBXProject "LeanIn Education" */;
			compatibilityVersion = "Xcode 3.2";
			developmentRegion = English;
			hasScannedForEncodings = 0;
			knownRegions = (
				en,
				Base,
			);
			mainGroup = 111C7E0E1DC3E5F3006290F9;
			productRefGroup = 111C7E181DC3E5F3006290F9 /* Products */;
			projectDirPath = "";
			projectRoot = "";
			targets = (
				111C7E161DC3E5F3006290F9 /* LeanIn Education */,
				111C7E2E1DC3E5F3006290F9 /* LeanIn EducationTests */,
				111C7E391DC3E5F4006290F9 /* LeanIn EducationUITests */,
			);
		};
/* End PBXProject section */

/* Begin PBXResourcesBuildPhase section */
		111C7E151DC3E5F3006290F9 /* Resources */ = {
			isa = PBXResourcesBuildPhase;
			buildActionMask = 2147483647;
			files = (
				111C7E291DC3E5F3006290F9 /* LaunchScreen.storyboard in Resources */,
				111C7E261DC3E5F3006290F9 /* Assets.xcassets in Resources */,
				111C7E241DC3E5F3006290F9 /* Main.storyboard in Resources */,
			);
			runOnlyForDeploymentPostprocessing = 0;
		};
		111C7E2D1DC3E5F3006290F9 /* Resources */ = {
			isa = PBXResourcesBuildPhase;
			buildActionMask = 2147483647;
			files = (
			);
			runOnlyForDeploymentPostprocessing = 0;
		};
		111C7E381DC3E5F4006290F9 /* Resources */ = {
			isa = PBXResourcesBuildPhase;
			buildActionMask = 2147483647;
			files = (
			);
			runOnlyForDeploymentPostprocessing = 0;
		};
/* End PBXResourcesBuildPhase section */

/* Begin PBXSourcesBuildPhase section */
		111C7E131DC3E5F3006290F9 /* Sources */ = {
			isa = PBXSourcesBuildPhase;
			buildActionMask = 2147483647;
			files = (
				111C7E1D1DC3E5F3006290F9 /* RootViewController.swift in Sources */,
				111C7E211DC3E5F3006290F9 /* ModelController.swift in Sources */,
				111C7E1F1DC3E5F3006290F9 /* DataViewController.swift in Sources */,
				111C7E1B1DC3E5F3006290F9 /* AppDelegate.swift in Sources */,
			);
			runOnlyForDeploymentPostprocessing = 0;
		};
		111C7E2B1DC3E5F3006290F9 /* Sources */ = {
			isa = PBXSourcesBuildPhase;
			buildActionMask = 2147483647;
			files = (
				111C7E341DC3E5F3006290F9 /* LeanIn_EducationTests.swift in Sources */,
			);
			runOnlyForDeploymentPostprocessing = 0;
		};
		111C7E361DC3E5F4006290F9 /* Sources */ = {
			isa = PBXSourcesBuildPhase;
			buildActionMask = 2147483647;
			files = (
				111C7E3F1DC3E5F4006290F9 /* LeanIn_EducationUITests.swift in Sources */,
			);
			runOnlyForDeploymentPostprocessing = 0;
		};
/* End PBXSourcesBuildPhase section */

/* Begin PBXTargetDependency section */
		111C7E311DC3E5F3006290F9 /* PBXTargetDependency */ = {
			isa = PBXTargetDependency;
			target = 111C7E161DC3E5F3006290F9 /* LeanIn Education */;
			targetProxy = 111C7E301DC3E5F3006290F9 /* PBXContainerItemProxy */;
		};
		111C7E3C1DC3E5F4006290F9 /* PBXTargetDependency */ = {
			isa = PBXTargetDependency;
			target = 111C7E161DC3E5F3006290F9 /* LeanIn Education */;
			targetProxy = 111C7E3B1DC3E5F4006290F9 /* PBXContainerItemProxy */;
		};
/* End PBXTargetDependency section */

/* Begin PBXVariantGroup section */
		111C7E221DC3E5F3006290F9 /* Main.storyboard */ = {
			isa = PBXVariantGroup;
			children = (
				111C7E231DC3E5F3006290F9 /* Base */,
			);
			name = Main.storyboard;
			sourceTree = "<group>";
		};
		111C7E271DC3E5F3006290F9 /* LaunchScreen.storyboard */ = {
			isa = PBXVariantGroup;
			children = (
				111C7E281DC3E5F3006290F9 /* Base */,
			);
			name = LaunchScreen.storyboard;
			sourceTree = "<group>";
		};
/* End PBXVariantGroup section */

/* Begin XCBuildConfiguration section */
		111C7E411DC3E5F4006290F9 /* Debug */ = {
			isa = XCBuildConfiguration;
			buildSettings = {
				ALWAYS_SEARCH_USER_PATHS = NO;
				CLANG_ANALYZER_NONNULL = YES;
				CLANG_CXX_LANGUAGE_STANDARD = "gnu++0x";
				CLANG_CXX_LIBRARY = "libc++";
				CLANG_ENABLE_MODULES = YES;
				CLANG_ENABLE_OBJC_ARC = YES;
				CLANG_WARN_BOOL_CONVERSION = YES;
				CLANG_WARN_CONSTANT_CONVERSION = YES;
				CLANG_WARN_DIRECT_OBJC_ISA_USAGE = YES_ERROR;
				CLANG_WARN_EMPTY_BODY = YES;
				CLANG_WARN_ENUM_CONVERSION = YES;
				CLANG_WARN_INT_CONVERSION = YES;
				CLANG_WARN_OBJC_ROOT_CLASS = YES_ERROR;
				CLANG_WARN_UNREACHABLE_CODE = YES;
				CLANG_WARN__DUPLICATE_METHOD_MATCH = YES;
				"CODE_SIGN_IDENTITY[sdk=iphoneos*]" = "iPhone Developer";
				COPY_PHASE_STRIP = NO;
				DEBUG_INFORMATION_FORMAT = dwarf;
				ENABLE_STRICT_OBJC_MSGSEND = YES;
				ENABLE_TESTABILITY = YES;
				GCC_C_LANGUAGE_STANDARD = gnu99;
				GCC_DYNAMIC_NO_PIC = NO;
				GCC_NO_COMMON_BLOCKS = YES;
				GCC_OPTIMIZATION_LEVEL = 0;
				GCC_PREPROCESSOR_DEFINITIONS = (
					"DEBUG=1",
					"$(inherited)",
				);
				GCC_WARN_64_TO_32_BIT_CONVERSION = YES;
				GCC_WARN_ABOUT_RETURN_TYPE = YES_ERROR;
				GCC_WARN_UNDECLARED_SELECTOR = YES;
				GCC_WARN_UNINITIALIZED_AUTOS = YES_AGGRESSIVE;
				GCC_WARN_UNUSED_FUNCTION = YES;
				GCC_WARN_UNUSED_VARIABLE = YES;
				IPHONEOS_DEPLOYMENT_TARGET = 9.3;
				MTL_ENABLE_DEBUG_INFO = YES;
				ONLY_ACTIVE_ARCH = YES;
				SDKROOT = iphoneos;
				SWIFT_OPTIMIZATION_LEVEL = "-Onone";
			};
			name = Debug;
		};
		111C7E421DC3E5F4006290F9 /* Release */ = {
			isa = XCBuildConfiguration;
			buildSettings = {
				ALWAYS_SEARCH_USER_PATHS = NO;
				CLANG_ANALYZER_NONNULL = YES;
				CLANG_CXX_LANGUAGE_STANDARD = "gnu++0x";
				CLANG_CXX_LIBRARY = "libc++";
				CLANG_ENABLE_MODULES = YES;
				CLANG_ENABLE_OBJC_ARC = YES;
				CLANG_WARN_BOOL_CONVERSION = YES;
				CLANG_WARN_CONSTANT_CONVERSION = YES;
				CLANG_WARN_DIRECT_OBJC_ISA_USAGE = YES_ERROR;
				CLANG_WARN_EMPTY_BODY = YES;
				CLANG_WARN_ENUM_CONVERSION = YES;
				CLANG_WARN_INT_CONVERSION = YES;
				CLANG_WARN_OBJC_ROOT_CLASS = YES_ERROR;
				CLANG_WARN_UNREACHABLE_CODE = YES;
				CLANG_WARN__DUPLICATE_METHOD_MATCH = YES;
				"CODE_SIGN_IDENTITY[sdk=iphoneos*]" = "iPhone Developer";
				COPY_PHASE_STRIP = NO;
				DEBUG_INFORMATION_FORMAT = "dwarf-with-dsym";
				ENABLE_NS_ASSERTIONS = NO;
				ENABLE_STRICT_OBJC_MSGSEND = YES;
				GCC_C_LANGUAGE_STANDARD = gnu99;
				GCC_NO_COMMON_BLOCKS = YES;
				GCC_WARN_64_TO_32_BIT_CONVERSION = YES;
				GCC_WARN_ABOUT_RETURN_TYPE = YES_ERROR;
				GCC_WARN_UNDECLARED_SELECTOR = YES;
				GCC_WARN_UNINITIALIZED_AUTOS = YES_AGGRESSIVE;
				GCC_WARN_UNUSED_FUNCTION = YES;
				GCC_WARN_UNUSED_VARIABLE = YES;
				IPHONEOS_DEPLOYMENT_TARGET = 9.3;
				MTL_ENABLE_DEBUG_INFO = NO;
				SDKROOT = iphoneos;
				VALIDATE_PRODUCT = YES;
			};
			name = Release;
		};
		111C7E441DC3E5F4006290F9 /* Debug */ = {
			isa = XCBuildConfiguration;
			buildSettings = {
				ASSETCATALOG_COMPILER_APPICON_NAME = AppIcon;
				INFOPLIST_FILE = "LeanIn Education/Info.plist";
				LD_RUNPATH_SEARCH_PATHS = "$(inherited) @executable_path/Frameworks";
				PRODUCT_BUNDLE_IDENTIFIER = "LeanIn.LeanIn-Education";
				PRODUCT_NAME = "$(TARGET_NAME)";
			};
			name = Debug;
		};
		111C7E451DC3E5F4006290F9 /* Release */ = {
			isa = XCBuildConfiguration;
			buildSettings = {
				ASSETCATALOG_COMPILER_APPICON_NAME = AppIcon;
				INFOPLIST_FILE = "LeanIn Education/Info.plist";
				LD_RUNPATH_SEARCH_PATHS = "$(inherited) @executable_path/Frameworks";
				PRODUCT_BUNDLE_IDENTIFIER = "LeanIn.LeanIn-Education";
				PRODUCT_NAME = "$(TARGET_NAME)";
			};
			name = Release;
		};
		111C7E471DC3E5F4006290F9 /* Debug */ = {
			isa = XCBuildConfiguration;
			buildSettings = {
				BUNDLE_LOADER = "$(TEST_HOST)";
				INFOPLIST_FILE = "LeanIn EducationTests/Info.plist";
				LD_RUNPATH_SEARCH_PATHS = "$(inherited) @executable_path/Frameworks @loader_path/Frameworks";
				PRODUCT_BUNDLE_IDENTIFIER = "LeanIn.LeanIn-EducationTests";
				PRODUCT_NAME = "$(TARGET_NAME)";
				TEST_HOST = "$(BUILT_PRODUCTS_DIR)/LeanIn Education.app/LeanIn Education";
			};
			name = Debug;
		};
		111C7E481DC3E5F4006290F9 /* Release */ = {
			isa = XCBuildConfiguration;
			buildSettings = {
				BUNDLE_LOADER = "$(TEST_HOST)";
				INFOPLIST_FILE = "LeanIn EducationTests/Info.plist";
				LD_RUNPATH_SEARCH_PATHS = "$(inherited) @executable_path/Frameworks @loader_path/Frameworks";
				PRODUCT_BUNDLE_IDENTIFIER = "LeanIn.LeanIn-EducationTests";
				PRODUCT_NAME = "$(TARGET_NAME)";
				TEST_HOST = "$(BUILT_PRODUCTS_DIR)/LeanIn Education.app/LeanIn Education";
			};
			name = Release;
		};
		111C7E4A1DC3E5F4006290F9 /* Debug */ = {
			isa = XCBuildConfiguration;
			buildSettings = {
				INFOPLIST_FILE = "LeanIn EducationUITests/Info.plist";
				LD_RUNPATH_SEARCH_PATHS = "$(inherited) @executable_path/Frameworks @loader_path/Frameworks";
				PRODUCT_BUNDLE_IDENTIFIER = "LeanIn.LeanIn-EducationUITests";
				PRODUCT_NAME = "$(TARGET_NAME)";
				TEST_TARGET_NAME = "LeanIn Education";
			};
			name = Debug;
		};
		111C7E4B1DC3E5F4006290F9 /* Release */ = {
			isa = XCBuildConfiguration;
			buildSettings = {
				INFOPLIST_FILE = "LeanIn EducationUITests/Info.plist";
				LD_RUNPATH_SEARCH_PATHS = "$(inherited) @executable_path/Frameworks @loader_path/Frameworks";
				PRODUCT_BUNDLE_IDENTIFIER = "LeanIn.LeanIn-EducationUITests";
				PRODUCT_NAME = "$(TARGET_NAME)";
				TEST_TARGET_NAME = "LeanIn Education";
			};
			name = Release;
		};
/* End XCBuildConfiguration section */

/* Begin XCConfigurationList section */
		111C7E121DC3E5F3006290F9 /* Build configuration list for PBXProject "LeanIn Education" */ = {
			isa = XCConfigurationList;
			buildConfigurations = (
				111C7E411DC3E5F4006290F9 /* Debug */,
				111C7E421DC3E5F4006290F9 /* Release */,
			);
			defaultConfigurationIsVisible = 0;
			defaultConfigurationName = Release;
		};
		111C7E431DC3E5F4006290F9 /* Build configuration list for PBXNativeTarget "LeanIn Education" */ = {
			isa = XCConfigurationList;
			buildConfigurations = (
				111C7E441DC3E5F4006290F9 /* Debug */,
				111C7E451DC3E5F4006290F9 /* Release */,
			);
			defaultConfigurationIsVisible = 0;
		};
		111C7E461DC3E5F4006290F9 /* Build configuration list for PBXNativeTarget "LeanIn EducationTests" */ = {
			isa = XCConfigurationList;
			buildConfigurations = (
				111C7E471DC3E5F4006290F9 /* Debug */,
				111C7E481DC3E5F4006290F9 /* Release */,
			);
			defaultConfigurationIsVisible = 0;
		};
		111C7E491DC3E5F4006290F9 /* Build configuration list for PBXNativeTarget "LeanIn EducationUITests" */ = {
			isa = XCConfigurationList;
			buildConfigurations = (
				111C7E4A1DC3E5F4006290F9 /* Debug */,
				111C7E4B1DC3E5F4006290F9 /* Release */,
			);
			defaultConfigurationIsVisible = 0;
		};
/* End XCConfigurationList section */
	};
	rootObject = 111C7E0F1DC3E5F3006290F9 /* Project object */;
}
